
Microsoft Visual Studio Solution File, Format Version 12.00
# Visual Studio Version 16
VisualStudioVersion = 16.0.29926.136
MinimumVisualStudioVersion = 10.0.40219.1
Project("{9A19103F-16F7-4668-BE54-9A1E7A4F7556}") = "CommunicationService.AzureFunction", "CommunicationService\CommunicationService.AzureFunction\CommunicationService.AzureFunction.csproj", "{508FF7B2-E3A0-43BA-8F91-9C4BD85C6859}"
EndProject
Project("{9A19103F-16F7-4668-BE54-9A1E7A4F7556}") = "CommunicationService.Core", "CommunicationService\CommunicationService.Core\CommunicationService.Core.csproj", "{B1AC4D13-9C75-4627-93C5-F95CA1FF9CF6}"
EndProject
Project("{9A19103F-16F7-4668-BE54-9A1E7A4F7556}") = "CommunicationService.Handlers", "CommunicationService\CommunicationService.Handlers\CommunicationService.Handlers.csproj", "{1D4A27E7-1305-4304-98FD-A671BBF34F1D}"
EndProject
Project("{9A19103F-16F7-4668-BE54-9A1E7A4F7556}") = "CommunicationService.Mappers", "CommunicationService\CommunicationService.Mappers\CommunicationService.Mappers.csproj", "{5C348888-02AC-4CEC-AA0B-590DBE73C2B9}"
EndProject
Project("{9A19103F-16F7-4668-BE54-9A1E7A4F7556}") = "CommunicationService.Repo", "CommunicationService\CommunicationService.Repo\CommunicationService.Repo.csproj", "{F4CB1DDA-698D-4957-A576-105B3BAB8AB7}"
EndProject
Project("{9A19103F-16F7-4668-BE54-9A1E7A4F7556}") = "CommunicationService.EmailService", "CommunicationService\CommunicationService.EmailService\CommunicationService.EmailService.csproj", "{49DE34EC-7A61-4353-9531-C2DB66625480}"
EndProject
Project("{9A19103F-16F7-4668-BE54-9A1E7A4F7556}") = "CommunicationService.UserService", "CommunicationService\CommunicationService.UserService\CommunicationService.UserService.csproj", "{2A0222BF-4177-4499-8ACD-006F0B9963A1}"
EndProject
Project("{9A19103F-16F7-4668-BE54-9A1E7A4F7556}") = "CommunicationService.MessageService", "CommunicationService\CommunicationService.MessageService\CommunicationService.MessageService.csproj", "{5A8E3CB7-D347-49F1-B2B4-96A1A075E0F1}"
EndProject
Project("{9A19103F-16F7-4668-BE54-9A1E7A4F7556}") = "CommunicationService.RequestService", "CommunicationService\CommunicationService.RequestService\CommunicationService.RequestService.csproj", "{FADF593E-2002-4382-A518-796B3B88330C}"
EndProject
Project("{9A19103F-16F7-4668-BE54-9A1E7A4F7556}") = "CommunicationService.SendGridService", "CommunicationService\CommunicationService.SendGridService\CommunicationService.SendGridService.csproj", "{5888975E-7362-441F-8A76-4BEE011125A2}"
EndProject
Project("{9A19103F-16F7-4668-BE54-9A1E7A4F7556}") = "CommunicationService.SendGridManagement", "CommunicationService\CommunicationService.SendGridManagement\CommunicationService.SendGridManagement.csproj", "{20EDDF0F-4EFB-4C86-B745-93737B22A46A}"
EndProject
Project("{9A19103F-16F7-4668-BE54-9A1E7A4F7556}") = "CommunicationService.UnitTests", "CommunicationService\CommunicationService.UnitTests\CommunicationService.UnitTests.csproj", "{FF609DE6-CA42-4F99-A1FE-53FDBD132DDA}"
EndProject
Project("{FAE04EC0-301F-11D3-BF4B-00C04F79EFBC}") = "CommunicationService.GroupService", "CommunicationService\CommunicationService.GroupService\CommunicationService.GroupService.csproj", "{16298A88-E67A-4D6D-B2CB-ECFE1DD37C7A}"
EndProject
Global
	GlobalSection(SolutionConfigurationPlatforms) = preSolution
		Debug|Any CPU = Debug|Any CPU
		Release|Any CPU = Release|Any CPU
	EndGlobalSection
	GlobalSection(ProjectConfigurationPlatforms) = postSolution
		{508FF7B2-E3A0-43BA-8F91-9C4BD85C6859}.Debug|Any CPU.ActiveCfg = Debug|Any CPU
		{508FF7B2-E3A0-43BA-8F91-9C4BD85C6859}.Debug|Any CPU.Build.0 = Debug|Any CPU
		{508FF7B2-E3A0-43BA-8F91-9C4BD85C6859}.Release|Any CPU.ActiveCfg = Release|Any CPU
		{508FF7B2-E3A0-43BA-8F91-9C4BD85C6859}.Release|Any CPU.Build.0 = Release|Any CPU
		{B1AC4D13-9C75-4627-93C5-F95CA1FF9CF6}.Debug|Any CPU.ActiveCfg = Debug|Any CPU
		{B1AC4D13-9C75-4627-93C5-F95CA1FF9CF6}.Debug|Any CPU.Build.0 = Debug|Any CPU
		{B1AC4D13-9C75-4627-93C5-F95CA1FF9CF6}.Release|Any CPU.ActiveCfg = Release|Any CPU
		{B1AC4D13-9C75-4627-93C5-F95CA1FF9CF6}.Release|Any CPU.Build.0 = Release|Any CPU
		{1D4A27E7-1305-4304-98FD-A671BBF34F1D}.Debug|Any CPU.ActiveCfg = Debug|Any CPU
		{1D4A27E7-1305-4304-98FD-A671BBF34F1D}.Debug|Any CPU.Build.0 = Debug|Any CPU
		{1D4A27E7-1305-4304-98FD-A671BBF34F1D}.Release|Any CPU.ActiveCfg = Release|Any CPU
		{1D4A27E7-1305-4304-98FD-A671BBF34F1D}.Release|Any CPU.Build.0 = Release|Any CPU
		{5C348888-02AC-4CEC-AA0B-590DBE73C2B9}.Debug|Any CPU.ActiveCfg = Debug|Any CPU
		{5C348888-02AC-4CEC-AA0B-590DBE73C2B9}.Debug|Any CPU.Build.0 = Debug|Any CPU
		{5C348888-02AC-4CEC-AA0B-590DBE73C2B9}.Release|Any CPU.ActiveCfg = Release|Any CPU
		{5C348888-02AC-4CEC-AA0B-590DBE73C2B9}.Release|Any CPU.Build.0 = Release|Any CPU
		{F4CB1DDA-698D-4957-A576-105B3BAB8AB7}.Debug|Any CPU.ActiveCfg = Debug|Any CPU
		{F4CB1DDA-698D-4957-A576-105B3BAB8AB7}.Debug|Any CPU.Build.0 = Debug|Any CPU
		{F4CB1DDA-698D-4957-A576-105B3BAB8AB7}.Release|Any CPU.ActiveCfg = Release|Any CPU
		{F4CB1DDA-698D-4957-A576-105B3BAB8AB7}.Release|Any CPU.Build.0 = Release|Any CPU
		{49DE34EC-7A61-4353-9531-C2DB66625480}.Debug|Any CPU.ActiveCfg = Debug|Any CPU
		{49DE34EC-7A61-4353-9531-C2DB66625480}.Debug|Any CPU.Build.0 = Debug|Any CPU
		{49DE34EC-7A61-4353-9531-C2DB66625480}.Release|Any CPU.ActiveCfg = Release|Any CPU
		{49DE34EC-7A61-4353-9531-C2DB66625480}.Release|Any CPU.Build.0 = Release|Any CPU
		{2A0222BF-4177-4499-8ACD-006F0B9963A1}.Debug|Any CPU.ActiveCfg = Debug|Any CPU
		{2A0222BF-4177-4499-8ACD-006F0B9963A1}.Debug|Any CPU.Build.0 = Debug|Any CPU
		{2A0222BF-4177-4499-8ACD-006F0B9963A1}.Release|Any CPU.ActiveCfg = Release|Any CPU
		{2A0222BF-4177-4499-8ACD-006F0B9963A1}.Release|Any CPU.Build.0 = Release|Any CPU
		{5A8E3CB7-D347-49F1-B2B4-96A1A075E0F1}.Debug|Any CPU.ActiveCfg = Debug|Any CPU
		{5A8E3CB7-D347-49F1-B2B4-96A1A075E0F1}.Debug|Any CPU.Build.0 = Debug|Any CPU
		{5A8E3CB7-D347-49F1-B2B4-96A1A075E0F1}.Release|Any CPU.ActiveCfg = Release|Any CPU
		{5A8E3CB7-D347-49F1-B2B4-96A1A075E0F1}.Release|Any CPU.Build.0 = Release|Any CPU
		{FADF593E-2002-4382-A518-796B3B88330C}.Debug|Any CPU.ActiveCfg = Debug|Any CPU
		{FADF593E-2002-4382-A518-796B3B88330C}.Debug|Any CPU.Build.0 = Debug|Any CPU
		{FADF593E-2002-4382-A518-796B3B88330C}.Release|Any CPU.ActiveCfg = Release|Any CPU
		{FADF593E-2002-4382-A518-796B3B88330C}.Release|Any CPU.Build.0 = Release|Any CPU
		{5888975E-7362-441F-8A76-4BEE011125A2}.Debug|Any CPU.ActiveCfg = Debug|Any CPU
		{5888975E-7362-441F-8A76-4BEE011125A2}.Debug|Any CPU.Build.0 = Debug|Any CPU
		{5888975E-7362-441F-8A76-4BEE011125A2}.Release|Any CPU.ActiveCfg = Release|Any CPU
		{5888975E-7362-441F-8A76-4BEE011125A2}.Release|Any CPU.Build.0 = Release|Any CPU
		{20EDDF0F-4EFB-4C86-B745-93737B22A46A}.Debug|Any CPU.ActiveCfg = Debug|Any CPU
		{20EDDF0F-4EFB-4C86-B745-93737B22A46A}.Debug|Any CPU.Build.0 = Debug|Any CPU
		{20EDDF0F-4EFB-4C86-B745-93737B22A46A}.Release|Any CPU.ActiveCfg = Release|Any CPU
		{20EDDF0F-4EFB-4C86-B745-93737B22A46A}.Release|Any CPU.Build.0 = Release|Any CPU
		{FF609DE6-CA42-4F99-A1FE-53FDBD132DDA}.Debug|Any CPU.ActiveCfg = Debug|Any CPU
		{FF609DE6-CA42-4F99-A1FE-53FDBD132DDA}.Debug|Any CPU.Build.0 = Debug|Any CPU
		{FF609DE6-CA42-4F99-A1FE-53FDBD132DDA}.Release|Any CPU.ActiveCfg = Release|Any CPU
		{FF609DE6-CA42-4F99-A1FE-53FDBD132DDA}.Release|Any CPU.Build.0 = Release|Any CPU
		{16298A88-E67A-4D6D-B2CB-ECFE1DD37C7A}.Debug|Any CPU.ActiveCfg = Debug|Any CPU
		{16298A88-E67A-4D6D-B2CB-ECFE1DD37C7A}.Debug|Any CPU.Build.0 = Debug|Any CPU
		{16298A88-E67A-4D6D-B2CB-ECFE1DD37C7A}.Release|Any CPU.ActiveCfg = Release|Any CPU
		{16298A88-E67A-4D6D-B2CB-ECFE1DD37C7A}.Release|Any CPU.Build.0 = Release|Any CPU
	EndGlobalSection
	GlobalSection(SolutionProperties) = preSolution
		HideSolutionNode = FALSE
	EndGlobalSection
	GlobalSection(ExtensibilityGlobals) = postSolution
		SolutionGuid = {44EE527E-2F78-496F-95E2-C4A6A21E97A8}
	EndGlobalSection
EndGlobal
